<?xml version="1.0" encoding="utf-8"?>
<Project ToolsVersion="4.0" xmlns="http://schemas.microsoft.com/developer/msbuild/2003">
  <ItemGroup>
    <ClCompile Include="main.cpp" />
    <ClCompile Include="utils.cpp" />
    <ClCompile Include="CharaSelect.cpp" />
    <ClCompile Include="DebugMenu.cpp" />
    <ClCompile Include="Battle.cpp" />
    <ClCompile Include="GameMenu.cpp" />
    <ClCompile Include="Menu.cpp" />
    <ClCompile Include="Opening.cpp" />
    <ClCompile Include="Options.cpp" />
    <ClCompile Include="PauseBattle.cpp" />
    <ClCompile Include="StageSelect.cpp" />
    <ClCompile Include="TitleScreen.cpp" />
    <ClCompile Include="BattleObject.cpp" />
    <ClCompile Include="Player.cpp" />
    <ClCompile Include="RenderObject.cpp" />
    <ClCompile Include="FighterInterface.cpp" />
    <ClCompile Include="FighterStatus.cpp" />
    <ClCompile Include="Fighter.cpp" />
    <ClCompile Include="FighterActionabilityFunctions.cpp" />
    <ClCompile Include="FighterAnimationFunctions.cpp" />
    <ClCompile Include="FighterCinematicFunctions.cpp" />
    <ClCompile Include="FighterGrabFunctions.cpp" />
    <ClCompile Include="FighterRotationFunctions.cpp" />
    <ClCompile Include="FighterInputFunctions.cpp" />
    <ClCompile Include="FighterJostleFunctions.cpp" />
    <ClCompile Include="FighterLoadingFunctions.cpp" />
    <ClCompile Include="FighterOpponentFunctions.cpp" />
    <ClCompile Include="FighterPositionFunctions.cpp" />
    <ClCompile Include="FighterProjectileFunctions.cpp" />
    <ClCompile Include="FighterStatusFunctions.cpp" />
    <ClCompile Include="Nightsaber.cpp" />
    <ClCompile Include="NightsaberMoves.cpp" />
    <ClCompile Include="NightsaberStatus.cpp" />
    <ClCompile Include="Zyair.cpp" />
    <ClCompile Include="ZyairMoves.cpp" />
    <ClCompile Include="ZyairStatus.cpp" />
    <ClCompile Include="Vesuvius.cpp" />
    <ClCompile Include="VesuviusMoves.cpp" />
    <ClCompile Include="VesuviusStatus.cpp" />
    <ClCompile Include="Tessa.cpp" />
    <ClCompile Include="TessaMoves.cpp" />
    <ClCompile Include="TessaStatus.cpp" />
    <ClCompile Include="Sully.cpp" />
    <ClCompile Include="SullyMoves.cpp" />
    <ClCompile Include="SullyStatus.cpp" />
    <ClCompile Include="Roy.cpp" />
    <ClCompile Include="RoyMoves.cpp" />
    <ClCompile Include="RoyStatus.cpp" />
    <ClCompile Include="Ramona.cpp" />
    <ClCompile Include="RamonaMoves.cpp" />
    <ClCompile Include="RamonaStatus.cpp" />
    <ClCompile Include="Priest.cpp" />
    <ClCompile Include="PriestMoves.cpp" />
    <ClCompile Include="PriestStatus.cpp" />
    <ClCompile Include="Norman.cpp" />
    <ClCompile Include="NormanMoves.cpp" />
    <ClCompile Include="NormanStatus.cpp" />
    <ClCompile Include="Leon.cpp" />
    <ClCompile Include="LeonMoves.cpp" />
    <ClCompile Include="LeonStatus.cpp" />
    <ClCompile Include="Eric.cpp" />
    <ClCompile Include="EricMoves.cpp" />
    <ClCompile Include="EricStatus.cpp" />
    <ClCompile Include="Julius.cpp" />
    <ClCompile Include="JuliusMoves.cpp" />
    <ClCompile Include="JuliusStatus.cpp" />
    <ClCompile Include="CharaTemplate.cpp" />
    <ClCompile Include="CharaTemplateMoves.cpp" />
    <ClCompile Include="CharaTemplateStatus.cpp" />
    <ClCompile Include="Bruno.cpp" />
    <ClCompile Include="BrunoMoves.cpp" />
    <ClCompile Include="BrunoStatus.cpp" />
    <ClCompile Include="Alejandro.cpp" />
    <ClCompile Include="AlejandroMoves.cpp" />
    <ClCompile Include="AlejandroStatus.cpp" />
    <ClCompile Include="Angelica.cpp" />
    <ClCompile Include="AngelicaMoves.cpp" />
    <ClCompile Include="AngelicaStatus.cpp" />
    <ClCompile Include="AtlasMoves.cpp" />
    <ClCompile Include="AtlasStatus.cpp" />
    <ClCompile Include="Atlas.cpp" />
    <ClCompile Include="Aziel.cpp" />
    <ClCompile Include="AzielMoves.cpp" />
    <ClCompile Include="AzielStatus.cpp" />
    <ClCompile Include="Projectile.cpp" />
    <ClCompile Include="ProjectileInterface.cpp" />
    <ClCompile Include="ProjectileStatus.cpp" />
    <ClCompile Include="ProjectileAnimationFunctions.cpp" />
    <ClCompile Include="ProjectileLoadingFunctions.cpp" />
    <ClCompile Include="ProjectilePositionFunctions.cpp" />
    <ClCompile Include="ProjectileStatusFunctions.cpp" />
    <ClCompile Include="EricFireball.cpp" />
    <ClCompile Include="RoyFireball.cpp" />
    <ClCompile Include="ProjectileTemplate.cpp" />
    <ClCompile Include="BlockboxFunctions.cpp" />
    <ClCompile Include="BoneFunctions.cpp" />
    <ClCompile Include="EffectFunctions.cpp" />
    <ClCompile Include="GrabboxFunctions.cpp" />
    <ClCompile Include="HitboxFunctions.cpp" />
    <ClCompile Include="HurtboxFunctions.cpp" />
    <ClCompile Include="LoadingFunctions.cpp" />
    <ClCompile Include="ParamFunctions.cpp" />
    <ClCompile Include="ScriptFunctions.cpp" />
    <ClCompile Include="SoundFunctions.cpp" />
    <ClCompile Include="Stage.cpp" />
    <ClCompile Include="StageAsset.cpp" />
    <ClCompile Include="Camera.cpp" />
    <ClCompile Include="CameraAnim.cpp" />
    <ClCompile Include="Debugger.cpp" />
    <ClCompile Include="Loader.cpp" />
    <ClCompile Include="AIManager.cpp" />
    <ClCompile Include="ControllerManager.cpp" />
    <ClCompile Include="EffectManager.cpp" />
    <ClCompile Include="BattleObjectManager.cpp" />
    <ClCompile Include="FontManager.cpp" />
    <ClCompile Include="GameManager.cpp" />
    <ClCompile Include="ParamAccessor.cpp" />
    <ClCompile Include="RenderManager.cpp" />
    <ClCompile Include="SaveManager.cpp" />
    <ClCompile Include="SoundManager.cpp" />
    <ClCompile Include="ThreadManager.cpp" />
    <ClCompile Include="Sound.cpp" />
    <ClCompile Include="Button.cpp" />
    <ClCompile Include="GameController.cpp" />
    <ClCompile Include="MoveScript.cpp" />
    <ClCompile Include="GameCoordinate.cpp" />
    <ClCompile Include="Box.cpp" />
    <ClCompile Include="Param.cpp" />
    <ClCompile Include="PlayerInfo.cpp" />
    <ClCompile Include="Animation.cpp" />
    <ClCompile Include="Bone.cpp" />
    <ClCompile Include="Effect.cpp" />
    <ClCompile Include="Font.cpp" />
    <ClCompile Include="GameRect.cpp" />
    <ClCompile Include="GameTextureSDL.cpp" />
    <ClCompile Include="Light.cpp" />
    <ClCompile Include="Model.cpp" />
    <ClCompile Include="OverlayLayer.cpp" />
    <ClCompile Include="GameTexture.cpp" />
    <ClCompile Include="Particle.cpp" />
    <ClCompile Include="Shader.cpp" />
    <ClCompile Include="ShadowMap.cpp" />
    <ClCompile Include="GLEW Helpers.cpp" />
    <ClCompile Include="GLM Helpers.cpp" />
    <ClCompile Include="SDL Helpers.cpp" />
    <ClCompile Include="imgui.cpp" />
    <ClCompile Include="imgui_demo.cpp" />
    <ClCompile Include="imgui_draw.cpp" />
    <ClCompile Include="imgui_impl_opengl3.cpp" />
    <ClCompile Include="imgui_impl_sdl.cpp" />
    <ClCompile Include="imgui_tables.cpp" />
    <ClCompile Include="imgui_widgets.cpp" />
    <ClCompile Include="AI.cpp" />
    <ClCompile Include="AIInput.cpp" />
    <ClCompile Include="AIDecision.cpp" />
  </ItemGroup>
  <ItemGroup>
    <ClInclude Include="utils.h" />
    <ClInclude Include="PauseBattle.h" />
    <ClInclude Include="CharaSelect.h" />
    <ClInclude Include="DebugMenu.h" />
    <ClInclude Include="Battle.h" />
    <ClInclude Include="GameMenu.h" />
    <ClInclude Include="Menu.h" />
    <ClInclude Include="Opening.h" />
    <ClInclude Include="Options.h" />
    <ClInclude Include="StageSelect.h" />
    <ClInclude Include="TitleScreen.h" />
    <ClInclude Include="BattleObject.h" />
    <ClInclude Include="Player.h" />
    <ClInclude Include="RenderObject.h" />
    <ClInclude Include="FighterAttribute.h" />
    <ClInclude Include="FighterConstants.h" />
    <ClInclude Include="FighterFlag.h" />
    <ClInclude Include="FighterFloat.h" />
    <ClInclude Include="FighterInt.h" />
    <ClInclude Include="FighterInterface.h" />
    <ClInclude Include="CharaKind.h" />
    <ClInclude Include="FighterStatus.h" />
    <ClInclude Include="Fighter.h" />
    <ClInclude Include="Alejandro.h" />
    <ClInclude Include="AlejandroConstants.h" />
    <ClInclude Include="AlejandroFlag.h" />
    <ClInclude Include="AlejandroFloat.h" />
    <ClInclude Include="AlejandroInt.h" />
    <ClInclude Include="AlejandroStatus.h" />
    <ClInclude Include="Angelica.h" />
    <ClInclude Include="AngelicaConstants.h" />
    <ClInclude Include="AngelicaFlag.h" />
    <ClInclude Include="AngelicaFloat.h" />
    <ClInclude Include="AngelicaInt.h" />
    <ClInclude Include="AngelicaStatus.h" />
    <ClInclude Include="AtlasFlag.h" />
    <ClInclude Include="AtlasFloat.h" />
    <ClInclude Include="AtlasInt.h" />
    <ClInclude Include="AtlasStatus.h" />
    <ClInclude Include="AtlasConstants.h" />
    <ClInclude Include="Atlas.h" />
    <ClInclude Include="Aziel.h" />
    <ClInclude Include="AzielConstants.h" />
    <ClInclude Include="AzielFlag.h" />
    <ClInclude Include="AzielFloat.h" />
    <ClInclude Include="AzielInt.h" />
    <ClInclude Include="AzielStatus.h" />
    <ClInclude Include="Bruno.h" />
    <ClInclude Include="BrunoConstants.h" />
    <ClInclude Include="BrunoFlag.h" />
    <ClInclude Include="BrunoFloat.h" />
    <ClInclude Include="BrunoInt.h" />
    <ClInclude Include="BrunoStatus.h" />
    <ClInclude Include="CharaTemplate.h" />
    <ClInclude Include="CharaTemplateConstants.h" />
    <ClInclude Include="CharaTemplateFlag.h" />
    <ClInclude Include="CharaTemplateFloat.h" />
    <ClInclude Include="CharaTemplateInt.h" />
    <ClInclude Include="CharaTemplateStatus.h" />
    <ClInclude Include="Eric.h" />
    <ClInclude Include="EricConstants.h" />
    <ClInclude Include="EricFlag.h" />
    <ClInclude Include="EricFloat.h" />
    <ClInclude Include="EricInt.h" />
    <ClInclude Include="EricStatus.h" />
    <ClInclude Include="Julius.h" />
    <ClInclude Include="JuliusConstants.h" />
    <ClInclude Include="JuliusFlag.h" />
    <ClInclude Include="JuliusFloat.h" />
    <ClInclude Include="JuliusInt.h" />
    <ClInclude Include="JuliusStatus.h" />
    <ClInclude Include="Leon.h" />
    <ClInclude Include="LeonConstants.h" />
    <ClInclude Include="LeonFlag.h" />
    <ClInclude Include="LeonFloat.h" />
    <ClInclude Include="LeonInt.h" />
    <ClInclude Include="LeonStatus.h" />
    <ClInclude Include="Nightsaber.h" />
    <ClInclude Include="NightsaberConstants.h" />
    <ClInclude Include="NightsaberFlag.h" />
    <ClInclude Include="NightsaberFloat.h" />
    <ClInclude Include="NightsaberInt.h" />
    <ClInclude Include="NightsaberStatus.h" />
    <ClInclude Include="Norman.h" />
    <ClInclude Include="NormanConstants.h" />
    <ClInclude Include="NormanFlag.h" />
    <ClInclude Include="NormanFloat.h" />
    <ClInclude Include="NormanInt.h" />
    <ClInclude Include="NormanStatus.h" />
    <ClInclude Include="Priest.h" />
    <ClInclude Include="PriestConstants.h" />
    <ClInclude Include="PriestFlag.h" />
    <ClInclude Include="PriestFloat.h" />
    <ClInclude Include="PriestInt.h" />
    <ClInclude Include="PriestStatus.h" />
    <ClInclude Include="Ramona.h" />
    <ClInclude Include="RamonaConstants.h" />
    <ClInclude Include="RamonaFlag.h" />
    <ClInclude Include="RamonaFloat.h" />
    <ClInclude Include="RamonaInt.h" />
    <ClInclude Include="RamonaStatus.h" />
    <ClInclude Include="Roy.h" />
    <ClInclude Include="RoyConstants.h" />
    <ClInclude Include="RoyFlag.h" />
    <ClInclude Include="RoyFloat.h" />
    <ClInclude Include="RoyInt.h" />
    <ClInclude Include="RoyStatus.h" />
    <ClInclude Include="Sully.h" />
    <ClInclude Include="SullyConstants.h" />
    <ClInclude Include="SullyFlag.h" />
    <ClInclude Include="SullyFloat.h" />
    <ClInclude Include="SullyInt.h" />
    <ClInclude Include="SullyStatus.h" />
    <ClInclude Include="Tessa.h" />
    <ClInclude Include="TessaConstants.h" />
    <ClInclude Include="TessaFlag.h" />
    <ClInclude Include="TessaFloat.h" />
    <ClInclude Include="TessaInt.h" />
    <ClInclude Include="TessaStatus.h" />
    <ClInclude Include="VesuviusConstants.h" />
    <ClInclude Include="VesuviusFlag.h" />
    <ClInclude Include="Vesuvius.h" />
    <ClInclude Include="VesuviusFloat.h" />
    <ClInclude Include="VesuviusInt.h" />
    <ClInclude Include="VesuviusStatus.h" />
    <ClInclude Include="Zyair.h" />
    <ClInclude Include="ZyairConstants.h" />
    <ClInclude Include="ZyairFlag.h" />
    <ClInclude Include="ZyairFloat.h" />
    <ClInclude Include="ZyairInt.h" />
    <ClInclude Include="ZyairStatus.h" />
    <ClInclude Include="Projectile.h" />
    <ClInclude Include="ProjectileConstants.h" />
    <ClInclude Include="ProjectileFlag.h" />
    <ClInclude Include="ProjectileFloat.h" />
    <ClInclude Include="ProjectileInt.h" />
    <ClInclude Include="ProjectileInterface.h" />
    <ClInclude Include="ProjectileKind.h" />
    <ClInclude Include="ProjectileStatus.h" />
    <ClInclude Include="EricFireball.h" />
    <ClInclude Include="EricFireballConstants.h" />
    <ClInclude Include="EricFireballFlag.h" />
    <ClInclude Include="EricFireballFloat.h" />
    <ClInclude Include="EricFireballInt.h" />
    <ClInclude Include="EricFireballStatus.h" />
    <ClInclude Include="RoyFireball.h" />
    <ClInclude Include="RoyFireballConstants.h" />
    <ClInclude Include="RoyFireballFlag.h" />
    <ClInclude Include="RoyFireballFloat.h" />
    <ClInclude Include="RoyFireballInt.h" />
    <ClInclude Include="RoyFireballStatus.h" />
    <ClInclude Include="ProjectileTemplateConstants.h" />
    <ClInclude Include="ProjectileTemplateFlag.h" />
    <ClInclude Include="ProjectileTemplateFloat.h" />
    <ClInclude Include="ProjectileTemplateInt.h" />
    <ClInclude Include="ProjectileTemplateStatus.h" />
    <ClInclude Include="ProjectileTemplate.h" />
    <ClInclude Include="Stage.h" />
    <ClInclude Include="StageAsset.h" />
    <ClInclude Include="StageKind.h" />
    <ClInclude Include="CameraAnim.h" />
    <ClInclude Include="Camera.h" />
    <ClInclude Include="BoneConstants.h" />
    <ClInclude Include="BoxConstants.h" />
    <ClInclude Include="ButtonConstants.h" />
    <ClInclude Include="Constants.h" />
    <ClInclude Include="GameState.h" />
    <ClInclude Include="GameStates.h" />
    <ClInclude Include="MenuConstants.h" />
    <ClInclude Include="SettingConstants.h" />
    <ClInclude Include="SoundConstants.h" />
    <ClInclude Include="Debugger.h" />
    <ClInclude Include="Loader.h" />
    <ClInclude Include="AIManager.h" />
    <ClInclude Include="FontManager.h" />
    <ClInclude Include="ControllerManager.h" />
    <ClInclude Include="EffectManager.h" />
    <ClInclude Include="BattleObjectManager.h" />
    <ClInclude Include="GameManager.h" />
    <ClInclude Include="ParamAccessor.h" />
    <ClInclude Include="SaveManager.h" />
    <ClInclude Include="RenderManager.h" />
    <ClInclude Include="SoundManager.h" />
    <ClInclude Include="ThreadManager.h" />
    <ClInclude Include="stb_image.h" />
    <ClInclude Include="imconfig.h" />
    <ClInclude Include="imgui.h" />
    <ClInclude Include="imgui_impl_opengl3.h" />
    <ClInclude Include="imgui_impl_opengl3_loader.h" />
    <ClInclude Include="imgui_impl_sdl.h" />
    <ClInclude Include="imgui_internal.h" />
    <ClInclude Include="imstb_rectpack.h" />
    <ClInclude Include="imstb_textedit.h" />
    <ClInclude Include="imstb_truetype.h" />
    <ClInclude Include="Sound.h" />
    <ClInclude Include="Font.h" />
    <ClInclude Include="GameTextureSDL.h" />
    <ClInclude Include="Bone.h" />
    <ClInclude Include="Effect.h" />
    <ClInclude Include="Animation.h" />
    <ClInclude Include="GameRect.h" />
    <ClInclude Include="GameTexture.h" />
    <ClInclude Include="OverlayLayer.h" />
    <ClInclude Include="Particle.h" />
    <ClInclude Include="ShadowMap.h" />
    <ClInclude Include="Light.h" />
    <ClInclude Include="Model.h" />
    <ClInclude Include="Shader.h" />
    <ClInclude Include="TextureCoord.h" />
    <ClInclude Include="GameController.h" />
    <ClInclude Include="GameCoordinate.h" />
    <ClInclude Include="Button.h" />
    <ClInclude Include="Box.h" />
    <ClInclude Include="PlayerInfo.h" />
    <ClInclude Include="MoveScript.h" />
    <ClInclude Include="Param.h" />
    <ClInclude Include="Fighters.h" />
    <ClInclude Include="Projectiles.h" />
    <ClInclude Include="GLEW Helpers.h" />
    <ClInclude Include="GLM Helpers.h" />
    <ClInclude Include="SDL Helpers.h" />
    <ClInclude Include="AI.h" />
    <ClInclude Include="AIMoveList.h" />
    <ClInclude Include="CircularBuffer.h" />
    <ClInclude Include="LoopingVector.h" />
  </ItemGroup>
  <ItemGroup>
    <None Include="resource\shaders\fragment_2d_texture.glsl">
      <Filter>resource\shaders</Filter>
    </None>
    <None Include="resource\shaders\fragment_effect.glsl">
      <Filter>resource\shaders</Filter>
    </None>
    <None Include="resource\shaders\fragment_fullbright.glsl">
      <Filter>resource\shaders</Filter>
    </None>
    <None Include="resource\shaders\fragment_layer.glsl">
      <Filter>resource\shaders</Filter>
    </None>
    <None Include="resource\shaders\fragment_main.glsl">
      <Filter>resource\shaders</Filter>
    </None>
    <None Include="resource\shaders\fragment_no_light.glsl">
      <Filter>resource\shaders</Filter>
    </None>
    <None Include="resource\shaders\fragment_rect.glsl">
      <Filter>resource\shaders</Filter>
    </None>
    <None Include="resource\shaders\fragment_shadow.glsl">
      <Filter>resource\shaders</Filter>
    </None>
    <None Include="resource\shaders\fragment_text.glsl">
      <Filter>resource\shaders</Filter>
    </None>
    <None Include="resource\shaders\geometry_main.glsl">
      <Filter>resource\shaders</Filter>
    </None>
    <None Include="resource\shaders\vertex_2d_texture.glsl">
      <Filter>resource\shaders</Filter>
    </None>
    <None Include="resource\shaders\vertex_effect.glsl">
      <Filter>resource\shaders</Filter>
    </None>
    <None Include="resource\shaders\vertex_layer.glsl">
      <Filter>resource\shaders</Filter>
    </None>
    <None Include="resource\shaders\vertex_main.glsl">
      <Filter>resource\shaders</Filter>
    </None>
    <None Include="resource\shaders\vertex_no_anim.glsl">
      <Filter>resource\shaders</Filter>
    </None>
    <None Include="resource\shaders\vertex_rect.glsl">
      <Filter>resource\shaders</Filter>
    </None>
    <None Include="resource\shaders\vertex_shadow.glsl">
      <Filter>resource\shaders</Filter>
    </None>
    <None Include="resource\shaders\vertex_text.glsl">
      <Filter>resource\shaders</Filter>
    </None>
    <None Include="resource\save\player_info.yml">
      <Filter>resource\save</Filter>
    </None>
    <None Include="resource\save\game_settings.yml">
      <Filter>resource\save</Filter>
    </None>
    <None Include="resource\ui\menu\stage_select\stage_select_param.yml">
      <Filter>resource\ui\menu\stage_select</Filter>
    </None>
    <None Include="resource\ui\menu\main\bg.yml">
      <Filter>resource\ui\menu\main</Filter>
    </None>
    <None Include="resource\ui\menu\css\css_param.yml">
      <Filter>resource\ui\menu\css</Filter>
    </None>
    <None Include="resource\ui\battle\timer\bigtypeface.yml">
      <Filter>resource\ui\battle\timer</Filter>
    </None>
    <None Include="resource\ui\battle\timer\clockface.yml">
      <Filter>resource\ui\battle\timer</Filter>
    </None>
    <None Include="resource\ui\battle\timer\smalltypeface.yml">
      <Filter>resource\ui\battle\timer</Filter>
    </None>
    <None Include="resource\stage\training_room\asset_list.yml">
      <Filter>resource\stage\training_room</Filter>
    </None>
    <None Include="resource\stage\training_room\params.yml">
      <Filter>resource\stage\training_room</Filter>
    </None>
    <None Include="resource\stage\training_room\assets\surface\param\params.yml">
      <Filter>resource\stage\training_room\assets\surface\param</Filter>
    </None>
    <None Include="resource\stage\training_room\assets\surface\model\model.dae">
      <Filter>resource\stage\training_room\assets\surface\model</Filter>
    </None>
    <None Include="resource\stage\training_room\assets\surface\anims\anim_list.yml">
      <Filter>resource\stage\training_room\assets\surface\anims</Filter>
    </None>
    <None Include="resource\stage\training_room\assets\background\param\lights.yml">
      <Filter>resource\stage\training_room\assets\background\param</Filter>
    </None>
    <None Include="resource\stage\training_room\assets\background\param\params.yml">
      <Filter>resource\stage\training_room\assets\background\param</Filter>
    </None>
    <None Include="resource\stage\training_room\assets\background\model\model.dae">
      <Filter>resource\stage\training_room\assets\background\model</Filter>
    </None>
    <None Include="resource\stage\training_room\assets\background\anims\anim_list.yml">
      <Filter>resource\stage\training_room\assets\background\anims</Filter>
    </None>
    <None Include="resource\projectile\roy_fireball\param\params.yml">
      <Filter>resource\projectile\roy_fireball\param</Filter>
    </None>
    <None Include="resource\projectile\roy_fireball\param\stats.yml">
      <Filter>resource\projectile\roy_fireball\param</Filter>
    </None>
    <None Include="resource\projectile\roy_fireball\anims\anim_list.yml">
      <Filter>resource\projectile\roy_fireball\anims</Filter>
    </None>
    <None Include="resource\projectile\eric_fireball\param\params.yml">
      <Filter>resource\projectile\eric_fireball\param</Filter>
    </None>
    <None Include="resource\projectile\eric_fireball\param\stats.yml">
      <Filter>resource\projectile\eric_fireball\param</Filter>
    </None>
    <None Include="resource\projectile\eric_fireball\anims\anim_list.yml">
      <Filter>resource\projectile\eric_fireball\anims</Filter>
    </None>
    <None Include="resource\param\menu\menu_param.yml">
      <Filter>resource\param\menu</Filter>
    </None>
    <None Include="resource\param\global\global_param.yml">
      <Filter>resource\param\global</Filter>
    </None>
    <None Include="resource\param\battle\fighter_common.yml">
      <Filter>resource\param\battle</Filter>
    </None>
    <None Include="resource\param\battle\render_param.yml">
      <Filter>resource\param\battle</Filter>
    </None>
    <None Include="resource\chara\zyair\param\stats.yml">
      <Filter>resource\chara\zyair\param</Filter>
    </None>
    <None Include="resource\chara\zyair\param\params.yml">
      <Filter>resource\chara\zyair\param</Filter>
    </None>
    <None Include="resource\chara\zyair\anims\anim_list.yml">
      <Filter>resource\chara\zyair\anims</Filter>
    </None>
    <None Include="resource\chara\vesuvius\param\stats.yml">
      <Filter>resource\chara\vesuvius\param</Filter>
    </None>
    <None Include="resource\chara\vesuvius\param\params.yml">
      <Filter>resource\chara\vesuvius\param</Filter>
    </None>
    <None Include="resource\chara\vesuvius\anims\anim_list.yml">
      <Filter>resource\chara\vesuvius\anims</Filter>
    </None>
    <None Include="resource\chara\tessa\param\stats.yml">
      <Filter>resource\chara\tessa\param</Filter>
    </None>
    <None Include="resource\chara\tessa\param\params.yml">
      <Filter>resource\chara\tessa\param</Filter>
    </None>
    <None Include="resource\chara\tessa\anims\anim_list.yml">
      <Filter>resource\chara\tessa\anims</Filter>
    </None>
    <None Include="resource\chara\sully\param\stats.yml">
      <Filter>resource\chara\sully\param</Filter>
    </None>
    <None Include="resource\chara\sully\param\params.yml">
      <Filter>resource\chara\sully\param</Filter>
    </None>
    <None Include="resource\chara\sully\anims\anim_list.yml">
      <Filter>resource\chara\sully\anims</Filter>
    </None>
    <None Include="resource\chara\roy\param\stats.yml">
      <Filter>resource\chara\roy\param</Filter>
    </None>
    <None Include="resource\chara\roy\param\params.yml">
      <Filter>resource\chara\roy\param</Filter>
    </None>
    <None Include="resource\chara\roy\model\skeleton.smd">
      <Filter>resource\chara\roy\model</Filter>
    </None>
    <None Include="resource\chara\roy\model\model.dae">
      <Filter>resource\chara\roy\model</Filter>
    </None>
    <None Include="resource\chara\roy\effects\flame\effect_info.yml">
      <Filter>resource\chara\roy\effects\flame</Filter>
    </None>
    <None Include="resource\chara\roy\cam_anims\super_start_2.fbx">
      <Filter>resource\chara\roy\cam_anims</Filter>
    </None>
    <None Include="resource\chara\roy\cam_anims\super_start.fbx">
      <Filter>resource\chara\roy\cam_anims</Filter>
    </None>
    <None Include="resource\chara\roy\cam_anims\anim_list.yml">
      <Filter>resource\chara\roy\cam_anims</Filter>
    </None>
    <None Include="resource\chara\roy\anims\walk_f.fbx">
      <Filter>resource\chara\roy\anims</Filter>
    </None>
    <None Include="resource\chara\roy\anims\walk_b.fbx">
      <Filter>resource\chara\roy\anims</Filter>
    </None>
    <None Include="resource\chara\roy\anims\wakeup.fbx">
      <Filter>resource\chara\roy\anims</Filter>
    </None>
    <None Include="resource\chara\roy\anims\wait.fbx">
      <Filter>resource\chara\roy\anims</Filter>
    </None>
    <None Include="resource\chara\roy\anims\turn_stand.fbx">
      <Filter>resource\chara\roy\anims</Filter>
    </None>
    <None Include="resource\chara\roy\anims\turn_crouch.fbx">
      <Filter>resource\chara\roy\anims</Filter>
    </None>
    <None Include="resource\chara\roy\anims\throw_f.fbx">
      <Filter>resource\chara\roy\anims</Filter>
    </None>
    <None Include="resource\chara\roy\anims\stand_mp.fbx">
      <Filter>resource\chara\roy\anims</Filter>
    </None>
    <None Include="resource\chara\roy\anims\stand_mk.fbx">
      <Filter>resource\chara\roy\anims</Filter>
    </None>
    <None Include="resource\chara\roy\anims\stand_lp.fbx">
      <Filter>resource\chara\roy\anims</Filter>
    </None>
    <None Include="resource\chara\roy\anims\stand_lk.fbx">
      <Filter>resource\chara\roy\anims</Filter>
    </None>
    <None Include="resource\chara\roy\anims\stand_hp.fbx">
      <Filter>resource\chara\roy\anims</Filter>
    </None>
    <None Include="resource\chara\roy\anims\stand_hk.fbx">
      <Filter>resource\chara\roy\anims</Filter>
    </None>
    <None Include="resource\chara\roy\anims\stand_hitstun_m.fbx">
      <Filter>resource\chara\roy\anims</Filter>
    </None>
    <None Include="resource\chara\roy\anims\stand_hitstun_l.fbx">
      <Filter>resource\chara\roy\anims</Filter>
    </None>
    <None Include="resource\chara\roy\anims\stand_hitstun_h.fbx">
      <Filter>resource\chara\roy\anims</Filter>
    </None>
    <None Include="resource\chara\roy\anims\stand_blockstun.fbx">
      <Filter>resource\chara\roy\anims</Filter>
    </None>
    <None Include="resource\chara\roy\anims\stand_block_start.fbx">
      <Filter>resource\chara\roy\anims</Filter>
    </None>
    <None Include="resource\chara\roy\anims\stand_block.fbx">
      <Filter>resource\chara\roy\anims</Filter>
    </None>
    <None Include="resource\chara\roy\anims\special_uppercut_start.fbx">
      <Filter>resource\chara\roy\anims</Filter>
    </None>
    <None Include="resource\chara\roy\anims\special_uppercut_fall.fbx">
      <Filter>resource\chara\roy\anims</Filter>
    </None>
    <None Include="resource\chara\roy\anims\special_uppercut.fbx">
      <Filter>resource\chara\roy\anims</Filter>
    </None>
    <None Include="resource\chara\roy\anims\special_slide_followup.fbx">
      <Filter>resource\chara\roy\anims</Filter>
    </None>
    <None Include="resource\chara\roy\anims\special_slide.fbx">
      <Filter>resource\chara\roy\anims</Filter>
    </None>
    <None Include="resource\chara\roy\anims\special_fireball_start.fbx">
      <Filter>resource\chara\roy\anims</Filter>
    </None>
    <None Include="resource\chara\roy\anims\special_fireball_punch.fbx">
      <Filter>resource\chara\roy\anims</Filter>
    </None>
    <None Include="resource\chara\roy\anims\special_fireball_kick.fbx">
      <Filter>resource\chara\roy\anims</Filter>
    </None>
    <None Include="resource\chara\roy\anims\parry_start_low.fbx">
      <Filter>resource\chara\roy\anims</Filter>
    </None>
    <None Include="resource\chara\roy\anims\parry_start.fbx">
      <Filter>resource\chara\roy\anims</Filter>
    </None>
    <None Include="resource\chara\roy\anims\parry_mid.fbx">
      <Filter>resource\chara\roy\anims</Filter>
    </None>
    <None Include="resource\chara\roy\anims\parry_low.fbx">
      <Filter>resource\chara\roy\anims</Filter>
    </None>
    <None Include="resource\chara\roy\anims\parry_air_start.fbx">
      <Filter>resource\chara\roy\anims</Filter>
    </None>
    <None Include="resource\chara\roy\anims\parry_air.fbx">
      <Filter>resource\chara\roy\anims</Filter>
    </None>
    <None Include="resource\chara\roy\anims\launch_start.fbx">
      <Filter>resource\chara\roy\anims</Filter>
    </None>
    <None Include="resource\chara\roy\anims\launch.fbx">
      <Filter>resource\chara\roy\anims</Filter>
    </None>
    <None Include="resource\chara\roy\anims\landing.fbx">
      <Filter>resource\chara\roy\anims</Filter>
    </None>
    <None Include="resource\chara\roy\anims\knockdown_wait.fbx">
      <Filter>resource\chara\roy\anims</Filter>
    </None>
    <None Include="resource\chara\roy\anims\knockdown_start.fbx">
      <Filter>resource\chara\roy\anims</Filter>
    </None>
    <None Include="resource\chara\roy\anims\jump_squat.fbx">
      <Filter>resource\chara\roy\anims</Filter>
    </None>
    <None Include="resource\chara\roy\anims\jump_mp.fbx">
      <Filter>resource\chara\roy\anims</Filter>
    </None>
    <None Include="resource\chara\roy\anims\jump_mk.fbx">
      <Filter>resource\chara\roy\anims</Filter>
    </None>
    <None Include="resource\chara\roy\anims\jump_lp.fbx">
      <Filter>resource\chara\roy\anims</Filter>
    </None>
    <None Include="resource\chara\roy\anims\jump_lk.fbx">
      <Filter>resource\chara\roy\anims</Filter>
    </None>
    <None Include="resource\chara\roy\anims\jump_hp.fbx">
      <Filter>resource\chara\roy\anims</Filter>
    </None>
    <None Include="resource\chara\roy\anims\jump_hk.fbx">
      <Filter>resource\chara\roy\anims</Filter>
    </None>
    <None Include="resource\chara\roy\anims\jump_f.fbx">
      <Filter>resource\chara\roy\anims</Filter>
    </None>
    <None Include="resource\chara\roy\anims\jump_b.fbx">
      <Filter>resource\chara\roy\anims</Filter>
    </None>
    <None Include="resource\chara\roy\anims\jump.fbx">
      <Filter>resource\chara\roy\anims</Filter>
    </None>
    <None Include="resource\chara\roy\anims\grab.fbx">
      <Filter>resource\chara\roy\anims</Filter>
    </None>
    <None Include="resource\chara\roy\anims\fall.fbx">
      <Filter>resource\chara\roy\anims</Filter>
    </None>
    <None Include="resource\chara\roy\anims\dash_f.fbx">
      <Filter>resource\chara\roy\anims</Filter>
    </None>
    <None Include="resource\chara\roy\anims\dash_b.fbx">
      <Filter>resource\chara\roy\anims</Filter>
    </None>
    <None Include="resource\chara\roy\anims\dash_air_f.fbx">
      <Filter>resource\chara\roy\anims</Filter>
    </None>
    <None Include="resource\chara\roy\anims\dash_air_b.fbx">
      <Filter>resource\chara\roy\anims</Filter>
    </None>
    <None Include="resource\chara\roy\anims\crumple.fbx">
      <Filter>resource\chara\roy\anims</Filter>
    </None>
    <None Include="resource\chara\roy\anims\crouch_u.fbx">
      <Filter>resource\chara\roy\anims</Filter>
    </None>
    <None Include="resource\chara\roy\anims\crouch_mp.fbx">
      <Filter>resource\chara\roy\anims</Filter>
    </None>
    <None Include="resource\chara\roy\anims\crouch_mk.fbx">
      <Filter>resource\chara\roy\anims</Filter>
    </None>
    <None Include="resource\chara\roy\anims\crouch_lp.fbx">
      <Filter>resource\chara\roy\anims</Filter>
    </None>
    <None Include="resource\chara\roy\anims\crouch_lk.fbx">
      <Filter>resource\chara\roy\anims</Filter>
    </None>
    <None Include="resource\chara\roy\anims\crouch_hp.fbx">
      <Filter>resource\chara\roy\anims</Filter>
    </None>
    <None Include="resource\chara\roy\anims\crouch_hk.fbx">
      <Filter>resource\chara\roy\anims</Filter>
    </None>
    <None Include="resource\chara\roy\anims\crouch_hitstun_m.fbx">
      <Filter>resource\chara\roy\anims</Filter>
    </None>
    <None Include="resource\chara\roy\anims\crouch_hitstun_l.fbx">
      <Filter>resource\chara\roy\anims</Filter>
    </None>
    <None Include="resource\chara\roy\anims\crouch_hitstun_h.fbx">
      <Filter>resource\chara\roy\anims</Filter>
    </None>
    <None Include="resource\chara\roy\anims\crouch_d.fbx">
      <Filter>resource\chara\roy\anims</Filter>
    </None>
    <None Include="resource\chara\roy\anims\crouch_blockstun.fbx">
      <Filter>resource\chara\roy\anims</Filter>
    </None>
    <None Include="resource\chara\roy\anims\crouch.fbx">
      <Filter>resource\chara\roy\anims</Filter>
    </None>
    <None Include="resource\chara\roy\anims\anim_list.yml">
      <Filter>resource\chara\roy\anims</Filter>
    </None>
    <None Include="resource\chara\roy\anims\advance_low.fbx">
      <Filter>resource\chara\roy\anims</Filter>
    </None>
    <None Include="resource\chara\roy\anims\advance_high.fbx">
      <Filter>resource\chara\roy\anims</Filter>
    </None>
    <None Include="resource\chara\roy\anims\advance_forward.fbx">
      <Filter>resource\chara\roy\anims</Filter>
    </None>
    <None Include="resource\chara\roy\anims\advance_back.fbx">
      <Filter>resource\chara\roy\anims</Filter>
    </None>
    <None Include="resource\chara\ramona\param\stats.yml">
      <Filter>resource\chara\ramona\param</Filter>
    </None>
    <None Include="resource\chara\ramona\param\params.yml">
      <Filter>resource\chara\ramona\param</Filter>
    </None>
    <None Include="resource\chara\ramona\anims\anim_list.yml">
      <Filter>resource\chara\ramona\anims</Filter>
    </None>
    <None Include="resource\chara\priest\param\stats.yml">
      <Filter>resource\chara\priest\param</Filter>
    </None>
    <None Include="resource\chara\priest\param\params.yml">
      <Filter>resource\chara\priest\param</Filter>
    </None>
    <None Include="resource\chara\priest\anims\anim_list.yml">
      <Filter>resource\chara\priest\anims</Filter>
    </None>
    <None Include="resource\chara\norman\param\stats.yml">
      <Filter>resource\chara\norman\param</Filter>
    </None>
    <None Include="resource\chara\norman\param\params.yml">
      <Filter>resource\chara\norman\param</Filter>
    </None>
    <None Include="resource\chara\norman\anims\anim_list.yml">
      <Filter>resource\chara\norman\anims</Filter>
    </None>
    <None Include="resource\chara\nightsaber\param\stats.yml">
      <Filter>resource\chara\nightsaber\param</Filter>
    </None>
    <None Include="resource\chara\nightsaber\param\params.yml">
      <Filter>resource\chara\nightsaber\param</Filter>
    </None>
    <None Include="resource\chara\nightsaber\anims\anim_list.yml">
      <Filter>resource\chara\nightsaber\anims</Filter>
    </None>
    <None Include="resource\chara\leon\param\stats.yml">
      <Filter>resource\chara\leon\param</Filter>
    </None>
    <None Include="resource\chara\leon\param\params.yml">
      <Filter>resource\chara\leon\param</Filter>
    </None>
    <None Include="resource\chara\leon\anims\anim_list.yml">
      <Filter>resource\chara\leon\anims</Filter>
    </None>
    <None Include="resource\chara\julius\param\stats.yml">
      <Filter>resource\chara\julius\param</Filter>
    </None>
    <None Include="resource\chara\julius\param\params.yml">
      <Filter>resource\chara\julius\param</Filter>
    </None>
    <None Include="resource\chara\julius\anims\anim_list.yml">
      <Filter>resource\chara\julius\anims</Filter>
    </None>
    <None Include="resource\chara\eric\param\stats.yml">
      <Filter>resource\chara\eric\param</Filter>
    </None>
    <None Include="resource\chara\eric\param\params.yml">
      <Filter>resource\chara\eric\param</Filter>
    </None>
    <None Include="resource\chara\eric\model\skeleton.smd">
      <Filter>resource\chara\eric\model</Filter>
    </None>
    <None Include="resource\chara\eric\model\model.dae">
      <Filter>resource\chara\eric\model</Filter>
    </None>
    <None Include="resource\chara\eric\anims\walk_f.fbx">
      <Filter>resource\chara\eric\anims</Filter>
    </None>
    <None Include="resource\chara\eric\anims\walk_b.fbx">
      <Filter>resource\chara\eric\anims</Filter>
    </None>
    <None Include="resource\chara\eric\anims\wait.fbx">
      <Filter>resource\chara\eric\anims</Filter>
    </None>
    <None Include="resource\chara\eric\anims\stand_lp.fbx">
      <Filter>resource\chara\eric\anims</Filter>
    </None>
    <None Include="resource\chara\eric\anims\jump_squat.fbx">
      <Filter>resource\chara\eric\anims</Filter>
    </None>
    <None Include="resource\chara\eric\anims\dash_f.fbx">
      <Filter>resource\chara\eric\anims</Filter>
    </None>
    <None Include="resource\chara\eric\anims\dash_b.fbx">
      <Filter>resource\chara\eric\anims</Filter>
    </None>
    <None Include="resource\chara\eric\anims\anim_list.yml">
      <Filter>resource\chara\eric\anims</Filter>
    </None>
    <None Include="resource\chara\chameleon\param\stats.yml">
      <Filter>resource\chara\chameleon\param</Filter>
    </None>
    <None Include="resource\chara\chameleon\param\params.yml">
      <Filter>resource\chara\chameleon\param</Filter>
    </None>
    <None Include="resource\chara\chameleon\anims\anim_list.yml">
      <Filter>resource\chara\chameleon\anims</Filter>
    </None>
    <None Include="resource\chara\alejandro\anims\anim_list.yml">
      <Filter>resource\chara\alejandro\anims</Filter>
    </None>
    <None Include="resource\chara\alejandro\param\params.yml">
      <Filter>resource\chara\alejandro\param</Filter>
    </None>
    <None Include="resource\chara\alejandro\param\stats.yml">
      <Filter>resource\chara\alejandro\param</Filter>
    </None>
    <None Include="resource\chara\angelica\anims\anim_list.yml">
      <Filter>resource\chara\angelica\anims</Filter>
    </None>
    <None Include="resource\chara\angelica\param\params.yml">
      <Filter>resource\chara\angelica\param</Filter>
    </None>
    <None Include="resource\chara\angelica\param\stats.yml">
      <Filter>resource\chara\angelica\param</Filter>
    </None>
    <None Include="resource\chara\atlas\anims\anim_list.yml">
      <Filter>resource\chara\atlas\anims</Filter>
    </None>
    <None Include="resource\chara\atlas\anims\wait.fbx">
      <Filter>resource\chara\atlas\anims</Filter>
    </None>
    <None Include="resource\chara\atlas\model\model.dae">
      <Filter>resource\chara\atlas\model</Filter>
    </None>
    <None Include="resource\chara\atlas\model\skeleton.smd">
      <Filter>resource\chara\atlas\model</Filter>
    </None>
    <None Include="resource\chara\atlas\param\params.yml">
      <Filter>resource\chara\atlas\param</Filter>
    </None>
    <None Include="resource\chara\atlas\param\stats.yml">
      <Filter>resource\chara\atlas\param</Filter>
    </None>
    <None Include="resource\chara\aziel\anims\anim_list.yml">
      <Filter>resource\chara\aziel\anims</Filter>
    </None>
    <None Include="resource\chara\aziel\param\params.yml">
      <Filter>resource\chara\aziel\param</Filter>
    </None>
    <None Include="resource\chara\aziel\param\stats.yml">
      <Filter>resource\chara\aziel\param</Filter>
    </None>
    <None Include="resource\chara\bruno\anims\anim_list.yml">
      <Filter>resource\chara\bruno\anims</Filter>
    </None>
    <None Include="resource\chara\bruno\param\params.yml">
      <Filter>resource\chara\bruno\param</Filter>
    </None>
    <None Include="resource\chara\bruno\param\stats.yml">
      <Filter>resource\chara\bruno\param</Filter>
    </None>
  </ItemGroup>
  <ItemGroup>
    <Font Include="resource\fonts\Fiend-Oblique.ttf">
      <Filter>resource\fonts</Filter>
    </Font>
    <Font Include="resource\fonts\FiraCode.ttf">
      <Filter>resource\fonts</Filter>
    </Font>
    <Font Include="resource\fonts\HarlowSolid.ttf">
      <Filter>resource\fonts</Filter>
    </Font>
    <Font Include="resource\fonts\ShowcardGothic.ttf">
      <Filter>resource\fonts</Filter>
    </Font>
  </ItemGroup>
  <ItemGroup>
    <Image Include="resource\ui\title\Praeiudicium.png">
      <Filter>resource\ui\title</Filter>
    </Image>
    <Image Include="resource\ui\title\title-l1.png">
      <Filter>resource\ui\title</Filter>
    </Image>
    <Image Include="resource\ui\title\title-l2.png">
      <Filter>resource\ui\title</Filter>
    </Image>
    <Image Include="resource\ui\title\title-l3.png">
      <Filter>resource\ui\title</Filter>
    </Image>
    <Image Include="resource\ui\title\title-l4.png">
      <Filter>resource\ui\title</Filter>
    </Image>
    <Image Include="resource\ui\menu\options\overlay.png">
      <Filter>resource\ui\menu\options</Filter>
    </Image>
    <Image Include="resource\ui\menu\opening\game-splash-background.png">
      <Filter>resource\ui\menu\opening</Filter>
    </Image>
    <Image Include="resource\ui\menu\opening\game-splash-text.png">
      <Filter>resource\ui\menu\opening</Filter>
    </Image>
    <Image Include="resource\ui\menu\main\bg.png">
      <Filter>resource\ui\menu\main</Filter>
    </Image>
    <Image Include="resource\ui\menu\main\Cursor.png">
      <Filter>resource\ui\menu\main</Filter>
    </Image>
    <Image Include="resource\ui\menu\main\missingno.png">
      <Filter>resource\ui\menu\main</Filter>
    </Image>
    <Image Include="resource\ui\menu\main\SubMenu.png">
      <Filter>resource\ui\menu\main</Filter>
    </Image>
    <Image Include="resource\ui\menu\main\vsimg.png">
      <Filter>resource\ui\menu\main</Filter>
    </Image>
    <Image Include="resource\ui\menu\loading\FlavorBar.png">
      <Filter>resource\ui\menu\loading</Filter>
    </Image>
    <Image Include="resource\ui\menu\loading\loadicon.png">
      <Filter>resource\ui\menu\loading</Filter>
    </Image>
    <Image Include="resource\ui\menu\loading\loadingbar.png">
      <Filter>resource\ui\menu\loading</Filter>
    </Image>
    <Image Include="resource\ui\menu\loading\splashload.png">
      <Filter>resource\ui\menu\loading</Filter>
    </Image>
    <Image Include="resource\ui\menu\css\CSSbackground.png">
      <Filter>resource\ui\menu\css</Filter>
    </Image>
    <Image Include="resource\ui\menu\css\CSSbottombar.png">
      <Filter>resource\ui\menu\css</Filter>
    </Image>
    <Image Include="resource\ui\menu\css\CSStopbar.png">
      <Filter>resource\ui\menu\css</Filter>
    </Image>
    <Image Include="resource\ui\menu\css\deck.png">
      <Filter>resource\ui\menu\css</Filter>
    </Image>
    <Image Include="resource\ui\menu\css\p1_cursor.png">
      <Filter>resource\ui\menu\css</Filter>
    </Image>
    <Image Include="resource\ui\menu\css\p1Cursor.png">
      <Filter>resource\ui\menu\css</Filter>
    </Image>
    <Image Include="resource\ui\menu\css\p2_cursor.png">
      <Filter>resource\ui\menu\css</Filter>
    </Image>
    <Image Include="resource\ui\menu\css\p2Cursor.png">
      <Filter>resource\ui\menu\css</Filter>
    </Image>
    <Image Include="resource\ui\menu\css\chara\roy\render.png">
      <Filter>resource\ui\menu\css\chara\roy</Filter>
    </Image>
    <Image Include="resource\ui\menu\css\chara\eric\render.png">
      <Filter>resource\ui\menu\css\chara\eric</Filter>
    </Image>
    <Image Include="resource\ui\menu\css\chara\default\render.png">
      <Filter>resource\ui\menu\css\chara\default</Filter>
    </Image>
    <Image Include="resource\ui\menu\css\chara\atlas\render.png">
      <Filter>resource\ui\menu\css\chara\atlas</Filter>
    </Image>
    <Image Include="resource\ui\battle\timer\bigtypeface.png">
      <Filter>resource\ui\battle\timer</Filter>
    </Image>
    <Image Include="resource\ui\battle\timer\clockface.png">
      <Filter>resource\ui\battle\timer</Filter>
    </Image>
    <Image Include="resource\ui\battle\timer\smalltypeface.png">
      <Filter>resource\ui\battle\timer</Filter>
    </Image>
    <Image Include="resource\ui\battle\tag\p1_tag_no_nametag.png">
      <Filter>resource\ui\battle\tag</Filter>
    </Image>
    <Image Include="resource\ui\battle\tag\p2_tag_no_nametag.png">
      <Filter>resource\ui\battle\tag</Filter>
    </Image>
    <Image Include="resource\ui\battle\pause\overlay.png">
      <Filter>resource\ui\battle\pause</Filter>
    </Image>
    <Image Include="resource\ui\battle\hp\bar.png">
      <Filter>resource\ui\battle\hp</Filter>
    </Image>
    <Image Include="resource\ui\battle\hp\health.png">
      <Filter>resource\ui\battle\hp</Filter>
    </Image>
    <Image Include="resource\ui\battle\ex\bar.png">
      <Filter>resource\ui\battle\ex</Filter>
    </Image>
    <Image Include="resource\ui\battle\ex\ex.png">
      <Filter>resource\ui\battle\ex</Filter>
    </Image>
    <Image Include="resource\ui\battle\ex\ex_segment.png">
      <Filter>resource\ui\battle\ex</Filter>
    </Image>
    <Image Include="resource\stage\training_room_old\background.png">
      <Filter>resource\stage\training_room_old</Filter>
    </Image>
    <Image Include="resource\stage\training_room\assets\surface\model\training_color_00_con_png.jpg">
      <Filter>resource\stage\training_room\assets\surface\model</Filter>
    </Image>
    <Image Include="resource\stage\training_room\assets\surface\model\training_grid_01_con.png.001.png">
      <Filter>resource\stage\training_room\assets\surface\model</Filter>
    </Image>
    <Image Include="resource\stage\training_room\assets\surface\model\training_grid_02_con.png.001.png">
      <Filter>resource\stage\training_room\assets\surface\model</Filter>
    </Image>
    <Image Include="resource\stage\training_room\assets\background\model\training_grid_00_con.png.001.png">
      <Filter>resource\stage\training_room\assets\background\model</Filter>
    </Image>
    <Image Include="resource\projectile\eric_fireball\sprite\sprite.png">
      <Filter>resource\projectile\eric_fireball\sprite</Filter>
    </Image>
    <Image Include="resource\chara\roy\model\c1\skin_dolly_003_col.png">
      <Filter>resource\chara\roy\model\c1</Filter>
    </Image>
    <Image Include="resource\chara\roy\model\c1\skin_dolly_001b_col.png">
      <Filter>resource\chara\roy\model\c1</Filter>
    </Image>
    <Image Include="resource\chara\roy\model\c1\skin_dolly_001_col.png">
      <Filter>resource\chara\roy\model\c1</Filter>
    </Image>
    <Image Include="resource\chara\roy\model\c1\def_dolly_001_col.png">
      <Filter>resource\chara\roy\model\c1</Filter>
    </Image>
    <Image Include="resource\chara\roy\model\c1\alp_roy_002_col.png">
      <Filter>resource\chara\roy\model\c1</Filter>
    </Image>
    <Image Include="resource\chara\roy\model\c1\alp_dolly_003_col.png">
      <Filter>resource\chara\roy\model\c1</Filter>
    </Image>
    <Image Include="resource\chara\roy\model\c1\alp_dolly_002_col.png">
      <Filter>resource\chara\roy\model\c1</Filter>
    </Image>
    <Image Include="resource\chara\roy\model\c0\skin_dolly_003_col.png">
      <Filter>resource\chara\roy\model\c0</Filter>
    </Image>
    <Image Include="resource\chara\roy\model\c0\skin_dolly_001b_col.png">
      <Filter>resource\chara\roy\model\c0</Filter>
    </Image>
    <Image Include="resource\chara\roy\model\c0\skin_dolly_001_col.png">
      <Filter>resource\chara\roy\model\c0</Filter>
    </Image>
    <Image Include="resource\chara\roy\model\c0\def_dolly_001_col.png">
      <Filter>resource\chara\roy\model\c0</Filter>
    </Image>
    <Image Include="resource\chara\roy\model\c0\alp_roy_002_col.png">
      <Filter>resource\chara\roy\model\c0</Filter>
    </Image>
    <Image Include="resource\chara\roy\model\c0\alp_dolly_003_col.png">
      <Filter>resource\chara\roy\model\c0</Filter>
    </Image>
    <Image Include="resource\chara\roy\model\c0\alp_dolly_002_col.png">
      <Filter>resource\chara\roy\model\c0</Filter>
    </Image>
    <Image Include="resource\chara\roy\effects\flame\fireball_main.png">
      <Filter>resource\chara\roy\effects\flame</Filter>
    </Image>
    <Image Include="resource\chara\eric\model\c0\skin_ken_001_prm.png">
      <Filter>resource\chara\eric\model\c0</Filter>
    </Image>
    <Image Include="resource\chara\eric\model\c0\skin_ken_001_nor.png">
      <Filter>resource\chara\eric\model\c0</Filter>
    </Image>
    <Image Include="resource\chara\eric\model\c0\skin_ken_001_col.png">
      <Filter>resource\chara\eric\model\c0</Filter>
    </Image>
    <Image Include="resource\chara\eric\model\c0\Reye_ken_b_001_col.png">
      <Filter>resource\chara\eric\model\c0</Filter>
    </Image>
    <Image Include="resource\chara\eric\model\c0\mouth_prm.png">
      <Filter>resource\chara\eric\model\c0</Filter>
    </Image>
    <Image Include="resource\chara\eric\model\c0\mouth_nor.png">
      <Filter>resource\chara\eric\model\c0</Filter>
    </Image>
    <Image Include="resource\chara\eric\model\c0\mouth_col.png">
      <Filter>resource\chara\eric\model\c0</Filter>
    </Image>
    <Image Include="resource\chara\eric\model\c0\leyes_eye_ken_l_col.png">
      <Filter>resource\chara\eric\model\c0</Filter>
    </Image>
    <Image Include="resource\chara\eric\model\c0\Leye_ken_b_001_col.png">
      <Filter>resource\chara\eric\model\c0</Filter>
    </Image>
    <Image Include="resource\chara\eric\model\c0\eye_ken_w_001_prm.png">
      <Filter>resource\chara\eric\model\c0</Filter>
    </Image>
    <Image Include="resource\chara\eric\model\c0\eye_ken_w_001_nor.png">
      <Filter>resource\chara\eric\model\c0</Filter>
    </Image>
    <Image Include="resource\chara\eric\model\c0\eye_ken_w_001_col.png">
      <Filter>resource\chara\eric\model\c0</Filter>
    </Image>
    <Image Include="resource\chara\eric\model\c0\eye_ken_g_001_col.png">
      <Filter>resource\chara\eric\model\c0</Filter>
    </Image>
    <Image Include="resource\chara\eric\model\c0\deyes_eye_ken_wd_col.png">
      <Filter>resource\chara\eric\model\c0</Filter>
    </Image>
    <Image Include="resource\chara\eric\model\c0\deyes_eye_ken_d_col.png">
      <Filter>resource\chara\eric\model\c0</Filter>
    </Image>
    <Image Include="resource\chara\eric\model\c0\def_ken_001_prm.png">
      <Filter>resource\chara\eric\model\c0</Filter>
    </Image>
    <Image Include="resource\chara\eric\model\c0\def_ken_001_nor.png">
      <Filter>resource\chara\eric\model\c0</Filter>
    </Image>
    <Image Include="resource\chara\eric\model\c0\def_ken_001_col.png">
      <Filter>resource\chara\eric\model\c0</Filter>
    </Image>
    <Image Include="resource\chara\eric\model\c0\alp_ken_001_prm.png">
      <Filter>resource\chara\eric\model\c0</Filter>
    </Image>
    <Image Include="resource\chara\eric\model\c0\alp_ken_001_nor.png">
      <Filter>resource\chara\eric\model\c0</Filter>
    </Image>
    <Image Include="resource\chara\eric\model\c0\alp_ken_001_col.png">
      <Filter>resource\chara\eric\model\c0</Filter>
    </Image>
  </ItemGroup>
  <ItemGroup>
    <Text Include="resource\ui\message\readme.txt">
      <Filter>resource\ui\message</Filter>
    </Text>
    <Text Include="resource\ui\battle\tag\readme.txt">
      <Filter>resource\ui\battle\tag</Filter>
    </Text>
    <Text Include="resource\ui\battle\chara\readme.txt">
      <Filter>resource\ui\battle\chara</Filter>
    </Text>
  </ItemGroup>
  <ItemGroup>
    <Media Include="resource\sound\vc\roy\roy_attack_01.wav">
      <Filter>resource\sound\vc\roy</Filter>
    </Media>
    <Media Include="resource\sound\bgm\stage\Atlas_Theme.wav">
      <Filter>resource\sound\bgm\stage</Filter>
    </Media>
    <Media Include="resource\sound\bgm\stage\Atlas_Theme_loop.wav">
      <Filter>resource\sound\bgm\stage</Filter>
    </Media>
    <Media Include="resource\sound\bgm\stage\Vesuvius_Theme.wav">
      <Filter>resource\sound\bgm\stage</Filter>
    </Media>
    <Media Include="resource\sound\bgm\stage\Vesuvius_Theme_loop.wav">
      <Filter>resource\sound\bgm\stage</Filter>
    </Media>
  </ItemGroup>
  <ItemGroup>
    <Filter Include="resource">
      <UniqueIdentifier>{0f966460-f620-4d64-af58-bde178432879}</UniqueIdentifier>
    </Filter>
    <Filter Include="resource\shaders">
      <UniqueIdentifier>{7b42d8c6-1be4-4360-b567-9144ce9b9ea1}</UniqueIdentifier>
    </Filter>
    <Filter Include="resource\save">
      <UniqueIdentifier>{bba4a993-8a14-4e37-ab8e-0e71b3c8c32e}</UniqueIdentifier>
    </Filter>
    <Filter Include="resource\fonts">
      <UniqueIdentifier>{9c7bb441-7ce5-4cd0-be11-9340e8f4f860}</UniqueIdentifier>
    </Filter>
    <Filter Include="resource\ui">
      <UniqueIdentifier>{e850bdf1-30e4-44b9-a3dd-8e4357a7f183}</UniqueIdentifier>
    </Filter>
    <Filter Include="resource\ui\title">
      <UniqueIdentifier>{5a384a94-647f-4000-810e-7efc8ef4ef13}</UniqueIdentifier>
    </Filter>
    <Filter Include="resource\ui\message">
      <UniqueIdentifier>{d20b14fc-49ff-4f58-b6b2-eaba1ad610cb}</UniqueIdentifier>
    </Filter>
    <Filter Include="resource\ui\menu">
      <UniqueIdentifier>{1c13e126-331f-4fed-b422-b4af189f9253}</UniqueIdentifier>
    </Filter>
    <Filter Include="resource\ui\menu\stage_select">
      <UniqueIdentifier>{dec9553b-072c-48d0-9ea7-d13aa71eb9ae}</UniqueIdentifier>
    </Filter>
    <Filter Include="resource\ui\menu\options">
      <UniqueIdentifier>{bf69f1aa-f7f9-49b1-b6e4-695f30268f64}</UniqueIdentifier>
    </Filter>
    <Filter Include="resource\ui\menu\opening">
      <UniqueIdentifier>{98b38743-c3c0-43c1-a5e0-831f6181ce5a}</UniqueIdentifier>
    </Filter>
    <Filter Include="resource\ui\menu\main">
      <UniqueIdentifier>{28da81fc-6792-4f5b-96ba-cb19184c0fb0}</UniqueIdentifier>
    </Filter>
    <Filter Include="resource\ui\menu\loading">
      <UniqueIdentifier>{d0f17c40-88e5-4e58-8a50-4d0649ebc251}</UniqueIdentifier>
    </Filter>
    <Filter Include="resource\ui\menu\css">
      <UniqueIdentifier>{af4ee981-341a-49e9-8c58-d94f5136cd5d}</UniqueIdentifier>
    </Filter>
    <Filter Include="resource\ui\menu\css\chara">
      <UniqueIdentifier>{dc41c005-0ee1-4119-837e-ebe30fae3edb}</UniqueIdentifier>
    </Filter>
    <Filter Include="resource\ui\menu\css\chara\roy">
      <UniqueIdentifier>{cf89c837-6403-4307-b8d2-405d2c03397d}</UniqueIdentifier>
    </Filter>
    <Filter Include="resource\ui\menu\css\chara\eric">
      <UniqueIdentifier>{75ad76f2-c191-4d14-b250-7de034390f1b}</UniqueIdentifier>
    </Filter>
    <Filter Include="resource\ui\menu\css\chara\default">
      <UniqueIdentifier>{3e9a5674-d782-4dd2-9fa6-3a624688a0fe}</UniqueIdentifier>
    </Filter>
    <Filter Include="resource\ui\menu\css\chara\atlas">
      <UniqueIdentifier>{914048a2-62ba-4ab1-b882-3d0dfe8b712a}</UniqueIdentifier>
    </Filter>
    <Filter Include="resource\ui\battle">
      <UniqueIdentifier>{3023dab7-8510-4b85-ac97-8784715a530b}</UniqueIdentifier>
    </Filter>
    <Filter Include="resource\ui\battle\timer">
      <UniqueIdentifier>{8d339809-758e-4613-8c96-8e099edf2c5d}</UniqueIdentifier>
    </Filter>
    <Filter Include="resource\ui\battle\tag">
      <UniqueIdentifier>{b1fb48f6-3a45-49ab-ac9a-afaf72e8c764}</UniqueIdentifier>
    </Filter>
    <Filter Include="resource\ui\battle\pause">
      <UniqueIdentifier>{ad046786-8f36-4e0e-9d47-151726df633b}</UniqueIdentifier>
    </Filter>
    <Filter Include="resource\ui\battle\hp">
      <UniqueIdentifier>{b94d9c4e-bc0d-4516-846d-f7284273cd52}</UniqueIdentifier>
    </Filter>
    <Filter Include="resource\ui\battle\ex">
      <UniqueIdentifier>{b66903ea-0480-4e72-8d75-20ee7445526c}</UniqueIdentifier>
    </Filter>
    <Filter Include="resource\ui\battle\chara">
      <UniqueIdentifier>{8d0a127c-3c5e-499c-8bb3-2caa227f0d1b}</UniqueIdentifier>
    </Filter>
    <Filter Include="resource\stage">
      <UniqueIdentifier>{0288e929-0826-45d6-a683-21d2ccf94278}</UniqueIdentifier>
    </Filter>
    <Filter Include="resource\stage\training_room_old">
      <UniqueIdentifier>{3021a7e0-9ce2-4b71-9d0d-481ef51fc3d3}</UniqueIdentifier>
    </Filter>
    <Filter Include="resource\stage\training_room">
      <UniqueIdentifier>{7450750a-bec8-45fd-b56b-effe8e74dbc1}</UniqueIdentifier>
    </Filter>
    <Filter Include="resource\stage\training_room\assets">
      <UniqueIdentifier>{2796b76f-e753-4828-bf5f-24edfb3197b9}</UniqueIdentifier>
    </Filter>
    <Filter Include="resource\stage\training_room\assets\surface">
      <UniqueIdentifier>{da4c9ee3-accb-47e7-a4a5-58e1e28478ad}</UniqueIdentifier>
    </Filter>
    <Filter Include="resource\stage\training_room\assets\surface\param">
      <UniqueIdentifier>{77e7c4c3-443f-446b-9fdb-6c3cbc038b54}</UniqueIdentifier>
    </Filter>
    <Filter Include="resource\stage\training_room\assets\surface\model">
      <UniqueIdentifier>{93bc3f7e-30d6-46ec-b3b3-b57d7f0c3f2a}</UniqueIdentifier>
    </Filter>
    <Filter Include="resource\stage\training_room\assets\surface\anims">
      <UniqueIdentifier>{d310332e-fd31-4ad2-83ac-7f15e9f9a505}</UniqueIdentifier>
    </Filter>
    <Filter Include="resource\stage\training_room\assets\background">
      <UniqueIdentifier>{a994f8d4-54b6-47dd-90c8-a224a29b6551}</UniqueIdentifier>
    </Filter>
    <Filter Include="resource\stage\training_room\assets\background\param">
      <UniqueIdentifier>{ec68ae12-66b3-42dd-ad81-d788959ab9f1}</UniqueIdentifier>
    </Filter>
    <Filter Include="resource\stage\training_room\assets\background\model">
      <UniqueIdentifier>{26e052b5-0acf-4456-b39e-64ddae4ee8bd}</UniqueIdentifier>
    </Filter>
    <Filter Include="resource\stage\training_room\assets\background\anims">
      <UniqueIdentifier>{8f616575-a26f-461d-95ef-19fbfbf567ad}</UniqueIdentifier>
    </Filter>
    <Filter Include="resource\sound">
      <UniqueIdentifier>{ba86ba96-932a-4421-85f1-28c3e566ba94}</UniqueIdentifier>
    </Filter>
    <Filter Include="resource\sound\vc">
      <UniqueIdentifier>{9541954f-bfa8-411d-a599-d2e7f286d366}</UniqueIdentifier>
    </Filter>
    <Filter Include="resource\sound\vc\roy">
      <UniqueIdentifier>{c8bea537-a002-49c4-b77a-9354b8deb408}</UniqueIdentifier>
    </Filter>
    <Filter Include="resource\sound\bgm">
      <UniqueIdentifier>{00d7efc5-d6c8-4f38-a624-e0ce7f275d9f}</UniqueIdentifier>
    </Filter>
    <Filter Include="resource\sound\bgm\stage">
      <UniqueIdentifier>{3d552ed1-9917-4573-b98c-76c13e0698ac}</UniqueIdentifier>
    </Filter>
    <Filter Include="resource\projectile">
      <UniqueIdentifier>{bc27f0a5-0488-4f39-a953-d5fd4b75563a}</UniqueIdentifier>
    </Filter>
    <Filter Include="resource\projectile\roy_fireball">
      <UniqueIdentifier>{ebd6683c-b1ea-4234-9d05-c2016e9755b6}</UniqueIdentifier>
    </Filter>
    <Filter Include="resource\projectile\roy_fireball\param">
      <UniqueIdentifier>{cab867dc-efce-4d9e-9bdf-f03c5b2e08c0}</UniqueIdentifier>
    </Filter>
    <Filter Include="resource\projectile\roy_fireball\anims">
      <UniqueIdentifier>{8c4e8f77-200c-4d6f-8d7c-39b23fe8a2a6}</UniqueIdentifier>
    </Filter>
    <Filter Include="resource\projectile\eric_fireball">
      <UniqueIdentifier>{3d02373a-a37b-422e-893f-0a9d46e5a184}</UniqueIdentifier>
    </Filter>
    <Filter Include="resource\projectile\eric_fireball\sprite">
      <UniqueIdentifier>{84823656-a292-484c-b078-40f927fe9fdc}</UniqueIdentifier>
    </Filter>
    <Filter Include="resource\projectile\eric_fireball\param">
      <UniqueIdentifier>{07bb60e7-ca1f-4e62-9358-aea43f77e49b}</UniqueIdentifier>
    </Filter>
    <Filter Include="resource\projectile\eric_fireball\anims">
      <UniqueIdentifier>{59b0387c-0df4-4b22-bcaa-9251429d55bd}</UniqueIdentifier>
    </Filter>
    <Filter Include="resource\param">
      <UniqueIdentifier>{48c12849-da1a-4ec2-bac0-926edf9ed331}</UniqueIdentifier>
    </Filter>
    <Filter Include="resource\param\menu">
      <UniqueIdentifier>{8ba0d5a1-11a2-43e1-8e46-f3d3722d2419}</UniqueIdentifier>
    </Filter>
    <Filter Include="resource\param\global">
      <UniqueIdentifier>{981fc33b-52a7-4539-a367-9c198c45a5db}</UniqueIdentifier>
    </Filter>
    <Filter Include="resource\param\battle">
      <UniqueIdentifier>{c86a972f-ad2a-469f-a1d5-ea78c142a6ae}</UniqueIdentifier>
    </Filter>
    <Filter Include="resource\chara">
      <UniqueIdentifier>{9546dd9d-29f2-420b-9618-df850cca443a}</UniqueIdentifier>
    </Filter>
    <Filter Include="resource\chara\zyair">
      <UniqueIdentifier>{95280919-c537-4bde-8663-c418522f4a7b}</UniqueIdentifier>
    </Filter>
    <Filter Include="resource\chara\zyair\param">
      <UniqueIdentifier>{8d14d878-3f0e-4022-aa1d-e204f02af72c}</UniqueIdentifier>
    </Filter>
    <Filter Include="resource\chara\zyair\anims">
      <UniqueIdentifier>{4d1657fa-106d-4c4a-ac84-f8dc3ae9c293}</UniqueIdentifier>
    </Filter>
    <Filter Include="resource\chara\vesuvius">
      <UniqueIdentifier>{89e5ac93-a048-4763-b4bc-25806840cfbb}</UniqueIdentifier>
    </Filter>
    <Filter Include="resource\chara\vesuvius\param">
      <UniqueIdentifier>{7749caf5-b7e3-4572-8562-7b10393de251}</UniqueIdentifier>
    </Filter>
    <Filter Include="resource\chara\vesuvius\anims">
      <UniqueIdentifier>{70fb10bd-4dff-4ae5-b37b-84686a3677f4}</UniqueIdentifier>
    </Filter>
    <Filter Include="resource\chara\tessa">
      <UniqueIdentifier>{02256e38-b466-4b98-bf1e-b31b8a2ca3fe}</UniqueIdentifier>
    </Filter>
    <Filter Include="resource\chara\tessa\param">
      <UniqueIdentifier>{b3fae438-35c4-4f4d-8dcf-7c4b454004dc}</UniqueIdentifier>
    </Filter>
    <Filter Include="resource\chara\tessa\anims">
      <UniqueIdentifier>{81d1f5ca-8a90-44b5-860b-b0918352d954}</UniqueIdentifier>
    </Filter>
    <Filter Include="resource\chara\sully">
      <UniqueIdentifier>{f6deade8-fbe3-422b-b1f7-41ad197e3ec3}</UniqueIdentifier>
    </Filter>
    <Filter Include="resource\chara\sully\param">
      <UniqueIdentifier>{fc9a22d2-a400-4ee3-80fc-339faa432843}</UniqueIdentifier>
    </Filter>
    <Filter Include="resource\chara\sully\anims">
      <UniqueIdentifier>{9d08cf48-055c-4e45-a875-695e04c5226c}</UniqueIdentifier>
    </Filter>
    <Filter Include="resource\chara\roy">
      <UniqueIdentifier>{e296d33a-ab26-42d8-b335-8ea0b74da525}</UniqueIdentifier>
    </Filter>
    <Filter Include="resource\chara\roy\param">
      <UniqueIdentifier>{bd979754-63d5-4485-b167-1f1e8040be0a}</UniqueIdentifier>
    </Filter>
    <Filter Include="resource\chara\roy\model">
      <UniqueIdentifier>{0ae29ba8-defa-4e39-97d4-38a5b6527b9e}</UniqueIdentifier>
    </Filter>
    <Filter Include="resource\chara\roy\model\c1">
      <UniqueIdentifier>{76e4a9d8-9184-4bd6-84d8-8b96f9d6fb33}</UniqueIdentifier>
    </Filter>
    <Filter Include="resource\chara\roy\model\c0">
      <UniqueIdentifier>{dae709b0-e603-4e88-8edf-ee700277f614}</UniqueIdentifier>
    </Filter>
    <Filter Include="resource\chara\roy\effects">
      <UniqueIdentifier>{264d2a7c-ddbc-460b-9b1d-4894b4efce24}</UniqueIdentifier>
    </Filter>
    <Filter Include="resource\chara\roy\effects\flame">
      <UniqueIdentifier>{f87a3a1f-4a9e-4cc5-8df2-93570bd039dd}</UniqueIdentifier>
    </Filter>
    <Filter Include="resource\chara\roy\cam_anims">
      <UniqueIdentifier>{e3df8260-0fa0-402b-aff4-ff8ad2d724a4}</UniqueIdentifier>
    </Filter>
    <Filter Include="resource\chara\roy\anims">
      <UniqueIdentifier>{a30c0ba1-4b74-4121-949c-36aa947a91ab}</UniqueIdentifier>
    </Filter>
    <Filter Include="resource\chara\ramona">
      <UniqueIdentifier>{c02bded7-551d-4083-826b-3ab35594bd40}</UniqueIdentifier>
    </Filter>
    <Filter Include="resource\chara\ramona\param">
      <UniqueIdentifier>{62c17e85-9335-40eb-bb36-8e4132f56319}</UniqueIdentifier>
    </Filter>
    <Filter Include="resource\chara\ramona\anims">
      <UniqueIdentifier>{3f3886b1-3390-44b3-b89f-889204113e56}</UniqueIdentifier>
    </Filter>
    <Filter Include="resource\chara\priest">
      <UniqueIdentifier>{cc93157a-3056-4cdb-9f48-20e80c44c456}</UniqueIdentifier>
    </Filter>
    <Filter Include="resource\chara\priest\param">
      <UniqueIdentifier>{d7f1730d-4c7e-4f6a-a42c-43843cc137ee}</UniqueIdentifier>
    </Filter>
    <Filter Include="resource\chara\priest\anims">
      <UniqueIdentifier>{0729d815-5793-46ee-ac03-a27bc40036d5}</UniqueIdentifier>
    </Filter>
    <Filter Include="resource\chara\norman">
      <UniqueIdentifier>{06b2de9d-88f6-4bc1-a822-c4894fb9b678}</UniqueIdentifier>
    </Filter>
    <Filter Include="resource\chara\norman\param">
      <UniqueIdentifier>{f95ea4d8-3217-4fdf-8378-f879f09317fe}</UniqueIdentifier>
    </Filter>
    <Filter Include="resource\chara\norman\anims">
      <UniqueIdentifier>{cbae265a-d715-4c84-9a43-6c54768f8b6c}</UniqueIdentifier>
    </Filter>
    <Filter Include="resource\chara\nightsaber">
      <UniqueIdentifier>{c39ba534-1c4b-4dc4-8314-4192ebfcbbb3}</UniqueIdentifier>
    </Filter>
    <Filter Include="resource\chara\nightsaber\param">
      <UniqueIdentifier>{32c2e04a-c8b4-4464-a6a4-373474c9407c}</UniqueIdentifier>
    </Filter>
    <Filter Include="resource\chara\nightsaber\anims">
      <UniqueIdentifier>{81d1b6fe-7abf-4393-86bf-5e9fa500f007}</UniqueIdentifier>
    </Filter>
    <Filter Include="resource\chara\leon">
      <UniqueIdentifier>{ef99794b-cb48-459b-9780-0ad58ec9390a}</UniqueIdentifier>
    </Filter>
    <Filter Include="resource\chara\leon\param">
      <UniqueIdentifier>{4d97e146-e7e0-45da-9734-0825dbee736a}</UniqueIdentifier>
    </Filter>
    <Filter Include="resource\chara\leon\anims">
      <UniqueIdentifier>{9c2e1a3d-61b3-40dc-93c1-5b5b39e3e3f3}</UniqueIdentifier>
    </Filter>
    <Filter Include="resource\chara\julius">
      <UniqueIdentifier>{f5a3e0ac-b1ef-4575-a558-1c8c48f0d670}</UniqueIdentifier>
    </Filter>
    <Filter Include="resource\chara\julius\param">
      <UniqueIdentifier>{c555c879-962c-470d-9334-f090c359a54d}</UniqueIdentifier>
    </Filter>
    <Filter Include="resource\chara\julius\anims">
      <UniqueIdentifier>{2433f1b7-9c39-4fea-91ed-71d197e652c8}</UniqueIdentifier>
    </Filter>
    <Filter Include="resource\chara\eric">
      <UniqueIdentifier>{b8e42e10-559d-4b28-a6a1-0c4044ddd22d}</UniqueIdentifier>
    </Filter>
    <Filter Include="resource\chara\eric\param">
      <UniqueIdentifier>{0fd8d9d4-0b4d-4e5b-be08-70b0ac17a02d}</UniqueIdentifier>
    </Filter>
    <Filter Include="resource\chara\eric\model">
      <UniqueIdentifier>{4014d51d-11c3-40d0-a58f-55cb3daa657f}</UniqueIdentifier>
    </Filter>
    <Filter Include="resource\chara\eric\model\c0">
      <UniqueIdentifier>{f533b7a3-666a-4e94-af5a-ab748cb26077}</UniqueIdentifier>
    </Filter>
    <Filter Include="resource\chara\eric\anims">
      <UniqueIdentifier>{d5a41b5c-67f2-4ab7-8c33-77e25d61d41e}</UniqueIdentifier>
    </Filter>
    <Filter Include="resource\chara\chameleon">
      <UniqueIdentifier>{9eff0832-80ea-4c71-b6cc-90f75d4637b5}</UniqueIdentifier>
    </Filter>
    <Filter Include="resource\chara\chameleon\param">
      <UniqueIdentifier>{074c8b76-d641-4889-8019-20ec6791ea31}</UniqueIdentifier>
    </Filter>
    <Filter Include="resource\chara\chameleon\anims">
      <UniqueIdentifier>{0eeef671-00b7-4dff-a596-a77830270975}</UniqueIdentifier>
    </Filter>
    <Filter Include="resource\chara\alejandro">
      <UniqueIdentifier>{5ebaab5f-baa6-4e6a-aeb3-6308c1599582}</UniqueIdentifier>
    </Filter>
    <Filter Include="resource\chara\alejandro\anims">
      <UniqueIdentifier>{13c7fab3-b405-4423-ad9a-c82ccd6c7a7d}</UniqueIdentifier>
    </Filter>
    <Filter Include="resource\chara\alejandro\param">
      <UniqueIdentifier>{2990176d-ed97-49f4-884f-19cd1965a499}</UniqueIdentifier>
    </Filter>
    <Filter Include="resource\chara\angelica">
      <UniqueIdentifier>{78e914c9-b7b9-41a9-8565-e0a8a762ba1c}</UniqueIdentifier>
    </Filter>
    <Filter Include="resource\chara\angelica\anims">
      <UniqueIdentifier>{ea3276b9-af77-4988-b3cf-3de59fe0ff72}</UniqueIdentifier>
    </Filter>
    <Filter Include="resource\chara\angelica\param">
      <UniqueIdentifier>{ecf3eabe-1a03-4e17-a19a-e8a8218e083b}</UniqueIdentifier>
    </Filter>
    <Filter Include="resource\chara\atlas">
      <UniqueIdentifier>{77dfac9c-6c8a-4f3e-93c3-cc6df3a42224}</UniqueIdentifier>
    </Filter>
    <Filter Include="resource\chara\atlas\anims">
      <UniqueIdentifier>{3121b8fb-e6a0-414a-8a54-f563f3f8345f}</UniqueIdentifier>
    </Filter>
    <Filter Include="resource\chara\atlas\model">
      <UniqueIdentifier>{93f76cba-7be8-4ef1-a0f8-336b28cc3365}</UniqueIdentifier>
    </Filter>
    <Filter Include="resource\chara\atlas\param">
      <UniqueIdentifier>{456ab0a3-cb83-4fa8-b302-fe2e4f2b3aa2}</UniqueIdentifier>
    </Filter>
    <Filter Include="resource\chara\aziel">
      <UniqueIdentifier>{0854e5cd-7fdc-4529-9254-56ce29d49599}</UniqueIdentifier>
    </Filter>
    <Filter Include="resource\chara\aziel\anims">
      <UniqueIdentifier>{8e204d7c-3c72-41e5-8a05-a40b92254754}</UniqueIdentifier>
    </Filter>
    <Filter Include="resource\chara\aziel\param">
      <UniqueIdentifier>{307c3704-b5d5-4294-94e4-50d65a2b42d3}</UniqueIdentifier>
    </Filter>
    <Filter Include="resource\chara\bruno">
      <UniqueIdentifier>{d48a7cf6-97ac-483f-b7bf-ed5813c91fe1}</UniqueIdentifier>
    </Filter>
    <Filter Include="resource\chara\bruno\anims">
      <UniqueIdentifier>{ae545a60-647d-40a9-9500-7e576ebe18d0}</UniqueIdentifier>
    </Filter>
    <Filter Include="resource\chara\bruno\param">
      <UniqueIdentifier>{8203d18c-6813-4d60-ae2c-610734a34854}</UniqueIdentifier>
    </Filter>
  </ItemGroup>
</Project>